// !$*UTF8*$!
{
	archiveVersion = 1;
	classes = {
	};
	objectVersion = 50;
	objects = {

/* Begin PBXBuildFile section */
		6CC7AA08234143440083F528 /* AppDelegate.swift in Sources */ = {isa = PBXBuildFile; fileRef = 6CC7AA07234143440083F528 /* AppDelegate.swift */; };
		6CC7AA0A234143440083F528 /* SceneDelegate.swift in Sources */ = {isa = PBXBuildFile; fileRef = 6CC7AA09234143440083F528 /* SceneDelegate.swift */; };
		6CC7AA0C234143440083F528 /* ViewController.swift in Sources */ = {isa = PBXBuildFile; fileRef = 6CC7AA0B234143440083F528 /* ViewController.swift */; };
		6CC7AA0F234143440083F528 /* Main.storyboard in Resources */ = {isa = PBXBuildFile; fileRef = 6CC7AA0D234143440083F528 /* Main.storyboard */; };
		6CC7AA11234143450083F528 /* Assets.xcassets in Resources */ = {isa = PBXBuildFile; fileRef = 6CC7AA10234143450083F528 /* Assets.xcassets */; };
		6CC7AA14234143450083F528 /* LaunchScreen.storyboard in Resources */ = {isa = PBXBuildFile; fileRef = 6CC7AA12234143450083F528 /* LaunchScreen.storyboard */; };
		6CC7AA1F234143450083F528 /* TrackProjectTests.swift in Sources */ = {isa = PBXBuildFile; fileRef = 6CC7AA1E234143450083F528 /* TrackProjectTests.swift */; };
		6CC7AA2A234143450083F528 /* TrackProjectUITests.swift in Sources */ = {isa = PBXBuildFile; fileRef = 6CC7AA29234143450083F528 /* TrackProjectUITests.swift */; };
		6CC7AA3823420CDA0083F528 /* .gitignore in Resources */ = {isa = PBXBuildFile; fileRef = 6CC7AA3723420CDA0083F528 /* .gitignore */; };
		6CC7AA3C234E04540083F528 /* TableViewCell.swift in Sources */ = {isa = PBXBuildFile; fileRef = 6CC7AA3B234E04540083F528 /* TableViewCell.swift */; };
		6CC7AA4223533EC00083F528 /* CardOfANewViewController.swift in Sources */ = {isa = PBXBuildFile; fileRef = 6CC7AA4123533EC00083F528 /* CardOfANewViewController.swift */; };
		6CC7AA4423576A410083F528 /* AccountViewController.swift in Sources */ = {isa = PBXBuildFile; fileRef = 6CC7AA4323576A410083F528 /* AccountViewController.swift */; };
/* End PBXBuildFile section */

/* Begin PBXContainerItemProxy section */
		6CC7AA1B234143450083F528 /* PBXContainerItemProxy */ = {
			isa = PBXContainerItemProxy;
			containerPortal = 6CC7A9FC234143440083F528 /* Project object */;
			proxyType = 1;
			remoteGlobalIDString = 6CC7AA03234143440083F528;
			remoteInfo = TrackProject;
		};
		6CC7AA26234143450083F528 /* PBXContainerItemProxy */ = {
			isa = PBXContainerItemProxy;
			containerPortal = 6CC7A9FC234143440083F528 /* Project object */;
			proxyType = 1;
			remoteGlobalIDString = 6CC7AA03234143440083F528;
			remoteInfo = TrackProject;
		};
/* End PBXContainerItemProxy section */

/* Begin PBXFileReference section */
		6CC7AA04234143440083F528 /* TrackProject.app */ = {isa = PBXFileReference; explicitFileType = wrapper.application; includeInIndex = 0; path = TrackProject.app; sourceTree = BUILT_PRODUCTS_DIR; };
		6CC7AA07234143440083F528 /* AppDelegate.swift */ = {isa = PBXFileReference; lastKnownFileType = sourcecode.swift; path = AppDelegate.swift; sourceTree = "<group>"; };
		6CC7AA09234143440083F528 /* SceneDelegate.swift */ = {isa = PBXFileReference; lastKnownFileType = sourcecode.swift; path = SceneDelegate.swift; sourceTree = "<group>"; };
		6CC7AA0B234143440083F528 /* ViewController.swift */ = {isa = PBXFileReference; lastKnownFileType = sourcecode.swift; path = ViewController.swift; sourceTree = "<group>"; };
		6CC7AA0E234143440083F528 /* Base */ = {isa = PBXFileReference; lastKnownFileType = file.storyboard; name = Base; path = Base.lproj/Main.storyboard; sourceTree = "<group>"; };
		6CC7AA10234143450083F528 /* Assets.xcassets */ = {isa = PBXFileReference; lastKnownFileType = folder.assetcatalog; path = Assets.xcassets; sourceTree = "<group>"; };
		6CC7AA13234143450083F528 /* Base */ = {isa = PBXFileReference; lastKnownFileType = file.storyboard; name = Base; path = Base.lproj/LaunchScreen.storyboard; sourceTree = "<group>"; };
		6CC7AA15234143450083F528 /* Info.plist */ = {isa = PBXFileReference; lastKnownFileType = text.plist.xml; path = Info.plist; sourceTree = "<group>"; };
		6CC7AA1A234143450083F528 /* TrackProjectTests.xctest */ = {isa = PBXFileReference; explicitFileType = wrapper.cfbundle; includeInIndex = 0; path = TrackProjectTests.xctest; sourceTree = BUILT_PRODUCTS_DIR; };
		6CC7AA1E234143450083F528 /* TrackProjectTests.swift */ = {isa = PBXFileReference; lastKnownFileType = sourcecode.swift; path = TrackProjectTests.swift; sourceTree = "<group>"; };
		6CC7AA20234143450083F528 /* Info.plist */ = {isa = PBXFileReference; lastKnownFileType = text.plist.xml; path = Info.plist; sourceTree = "<group>"; };
		6CC7AA25234143450083F528 /* TrackProjectUITests.xctest */ = {isa = PBXFileReference; explicitFileType = wrapper.cfbundle; includeInIndex = 0; path = TrackProjectUITests.xctest; sourceTree = BUILT_PRODUCTS_DIR; };
		6CC7AA29234143450083F528 /* TrackProjectUITests.swift */ = {isa = PBXFileReference; lastKnownFileType = sourcecode.swift; path = TrackProjectUITests.swift; sourceTree = "<group>"; };
		6CC7AA2B234143450083F528 /* Info.plist */ = {isa = PBXFileReference; lastKnownFileType = text.plist.xml; path = Info.plist; sourceTree = "<group>"; };
		6CC7AA3723420CDA0083F528 /* .gitignore */ = {isa = PBXFileReference; lastKnownFileType = text; path = .gitignore; sourceTree = "<group>"; };
		6CC7AA3B234E04540083F528 /* TableViewCell.swift */ = {isa = PBXFileReference; lastKnownFileType = sourcecode.swift; path = TableViewCell.swift; sourceTree = "<group>"; };
		6CC7AA4123533EC00083F528 /* CardOfANewViewController.swift */ = {isa = PBXFileReference; lastKnownFileType = sourcecode.swift; path = CardOfANewViewController.swift; sourceTree = "<group>"; };
		6CC7AA4323576A410083F528 /* AccountViewController.swift */ = {isa = PBXFileReference; lastKnownFileType = sourcecode.swift; path = AccountViewController.swift; sourceTree = "<group>"; };
/* End PBXFileReference section */

/* Begin PBXFrameworksBuildPhase section */
		6CC7AA01234143440083F528 /* Frameworks */ = {
			isa = PBXFrameworksBuildPhase;
			buildActionMask = 2147483647;
			files = (
			);
			runOnlyForDeploymentPostprocessing = 0;
		};
		6CC7AA17234143450083F528 /* Frameworks */ = {
			isa = PBXFrameworksBuildPhase;
			buildActionMask = 2147483647;
			files = (
			);
			runOnlyForDeploymentPostprocessing = 0;
		};
		6CC7AA22234143450083F528 /* Frameworks */ = {
			isa = PBXFrameworksBuildPhase;
			buildActionMask = 2147483647;
			files = (
			);
			runOnlyForDeploymentPostprocessing = 0;
		};
/* End PBXFrameworksBuildPhase section */

/* Begin PBXGroup section */
		6CC7A9FB234143440083F528 = {
			isa = PBXGroup;
			children = (
				6CC7AA3723420CDA0083F528 /* .gitignore */,
				6CC7AA06234143440083F528 /* TrackProject */,
				6CC7AA1D234143450083F528 /* TrackProjectTests */,
				6CC7AA28234143450083F528 /* TrackProjectUITests */,
				6CC7AA05234143440083F528 /* Products */,
			);
			sourceTree = "<group>";
		};
		6CC7AA05234143440083F528 /* Products */ = {
			isa = PBXGroup;
			children = (
				6CC7AA04234143440083F528 /* TrackProject.app */,
				6CC7AA1A234143450083F528 /* TrackProjectTests.xctest */,
				6CC7AA25234143450083F528 /* TrackProjectUITests.xctest */,
			);
			name = Products;
			sourceTree = "<group>";
		};
		6CC7AA06234143440083F528 /* TrackProject */ = {
			isa = PBXGroup;
			children = (
				6CC7AA07234143440083F528 /* AppDelegate.swift */,
				6CC7AA09234143440083F528 /* SceneDelegate.swift */,
				6CC7AA0B234143440083F528 /* ViewController.swift */,
				6CC7AA3B234E04540083F528 /* TableViewCell.swift */,
				6CC7AA4123533EC00083F528 /* CardOfANewViewController.swift */,
				6CC7AA4323576A410083F528 /* AccountViewController.swift */,
				6CC7AA0D234143440083F528 /* Main.storyboard */,
				6CC7AA10234143450083F528 /* Assets.xcassets */,
				6CC7AA12234143450083F528 /* LaunchScreen.storyboard */,
				6CC7AA15234143450083F528 /* Info.plist */,
			);
			path = TrackProject;
			sourceTree = "<group>";
		};
		6CC7AA1D234143450083F528 /* TrackProjectTests */ = {
			isa = PBXGroup;
			children = (
				6CC7AA1E234143450083F528 /* TrackProjectTests.swift */,
				6CC7AA20234143450083F528 /* Info.plist */,
			);
			path = TrackProjectTests;
			sourceTree = "<group>";
		};
		6CC7AA28234143450083F528 /* TrackProjectUITests */ = {
			isa = PBXGroup;
			children = (
				6CC7AA29234143450083F528 /* TrackProjectUITests.swift */,
				6CC7AA2B234143450083F528 /* Info.plist */,
			);
			path = TrackProjectUITests;
			sourceTree = "<group>";
		};
/* End PBXGroup section */

/* Begin PBXNativeTarget section */
		6CC7AA03234143440083F528 /* TrackProject */ = {
			isa = PBXNativeTarget;
			buildConfigurationList = 6CC7AA2E234143450083F528 /* Build configuration list for PBXNativeTarget "TrackProject" */;
			buildPhases = (
				6CC7AA00234143440083F528 /* Sources */,
				6CC7AA01234143440083F528 /* Frameworks */,
				6CC7AA02234143440083F528 /* Resources */,
			);
			buildRules = (
			);
			dependencies = (
			);
			name = TrackProject;
			productName = TrackProject;
			productReference = 6CC7AA04234143440083F528 /* TrackProject.app */;
			productType = "com.apple.product-type.application";
		};
		6CC7AA19234143450083F528 /* TrackProjectTests */ = {
			isa = PBXNativeTarget;
			buildConfigurationList = 6CC7AA31234143450083F528 /* Build configuration list for PBXNativeTarget "TrackProjectTests" */;
			buildPhases = (
				6CC7AA16234143450083F528 /* Sources */,
				6CC7AA17234143450083F528 /* Frameworks */,
				6CC7AA18234143450083F528 /* Resources */,
			);
			buildRules = (
			);
			dependencies = (
				6CC7AA1C234143450083F528 /* PBXTargetDependency */,
			);
			name = TrackProjectTests;
			productName = TrackProjectTests;
			productReference = 6CC7AA1A234143450083F528 /* TrackProjectTests.xctest */;
			productType = "com.apple.product-type.bundle.unit-test";
		};
		6CC7AA24234143450083F528 /* TrackProjectUITests */ = {
			isa = PBXNativeTarget;
			buildConfigurationList = 6CC7AA34234143450083F528 /* Build configuration list for PBXNativeTarget "TrackProjectUITests" */;
			buildPhases = (
				6CC7AA21234143450083F528 /* Sources */,
				6CC7AA22234143450083F528 /* Frameworks */,
				6CC7AA23234143450083F528 /* Resources */,
			);
			buildRules = (
			);
			dependencies = (
				6CC7AA27234143450083F528 /* PBXTargetDependency */,
			);
			name = TrackProjectUITests;
			productName = TrackProjectUITests;
			productReference = 6CC7AA25234143450083F528 /* TrackProjectUITests.xctest */;
			productType = "com.apple.product-type.bundle.ui-testing";
		};
/* End PBXNativeTarget section */

/* Begin PBXProject section */
		6CC7A9FC234143440083F528 /* Project object */ = {
			isa = PBXProject;
			attributes = {
				LastSwiftUpdateCheck = 1100;
				LastUpgradeCheck = 1100;
				ORGANIZATIONNAME = "Денис Дубовиков";
				TargetAttributes = {
					6CC7AA03234143440083F528 = {
						CreatedOnToolsVersion = 11.0;
					};
					6CC7AA19234143450083F528 = {
						CreatedOnToolsVersion = 11.0;
						TestTargetID = 6CC7AA03234143440083F528;
					};
					6CC7AA24234143450083F528 = {
						CreatedOnToolsVersion = 11.0;
						TestTargetID = 6CC7AA03234143440083F528;
					};
				};
			};
			buildConfigurationList = 6CC7A9FF234143440083F528 /* Build configuration list for PBXProject "TrackProject" */;
			compatibilityVersion = "Xcode 9.3";
			developmentRegion = en;
			hasScannedForEncodings = 0;
			knownRegions = (
				en,
				Base,
			);
			mainGroup = 6CC7A9FB234143440083F528;
			productRefGroup = 6CC7AA05234143440083F528 /* Products */;
			projectDirPath = "";
			projectRoot = "";
			targets = (
				6CC7AA03234143440083F528 /* TrackProject */,
				6CC7AA19234143450083F528 /* TrackProjectTests */,
				6CC7AA24234143450083F528 /* TrackProjectUITests */,
			);
		};
/* End PBXProject section */

/* Begin PBXResourcesBuildPhase section */
		6CC7AA02234143440083F528 /* Resources */ = {
			isa = PBXResourcesBuildPhase;
			buildActionMask = 2147483647;
			files = (
				6CC7AA3823420CDA0083F528 /* .gitignore in Resources */,
				6CC7AA14234143450083F528 /* LaunchScreen.storyboard in Resources */,
				6CC7AA11234143450083F528 /* Assets.xcassets in Resources */,
				6CC7AA0F234143440083F528 /* Main.storyboard in Resources */,
			);
			runOnlyForDeploymentPostprocessing = 0;
		};
		6CC7AA18234143450083F528 /* Resources */ = {
			isa = PBXResourcesBuildPhase;
			buildActionMask = 2147483647;
			files = (
			);
			runOnlyForDeploymentPostprocessing = 0;
		};
		6CC7AA23234143450083F528 /* Resources */ = {
			isa = PBXResourcesBuildPhase;
			buildActionMask = 2147483647;
			files = (
			);
			runOnlyForDeploymentPostprocessing = 0;
		};
/* End PBXResourcesBuildPhase section */

/* Begin PBXSourcesBuildPhase section */
		6CC7AA00234143440083F528 /* Sources */ = {
			isa = PBXSourcesBuildPhase;
			buildActionMask = 2147483647;
			files = (
				6CC7AA4223533EC00083F528 /* CardOfANewViewController.swift in Sources */,
				6CC7AA3C234E04540083F528 /* TableViewCell.swift in Sources */,
				6CC7AA4423576A410083F528 /* AccountViewController.swift in Sources */,
				6CC7AA0C234143440083F528 /* ViewController.swift in Sources */,
				6CC7AA08234143440083F528 /* AppDelegate.swift in Sources */,
				6CC7AA0A234143440083F528 /* SceneDelegate.swift in Sources */,
			);
			runOnlyForDeploymentPostprocessing = 0;
		};
		6CC7AA16234143450083F528 /* Sources */ = {
			isa = PBXSourcesBuildPhase;
			buildActionMask = 2147483647;
			files = (
				6CC7AA1F234143450083F528 /* TrackProjectTests.swift in Sources */,
			);
			runOnlyForDeploymentPostprocessing = 0;
		};
		6CC7AA21234143450083F528 /* Sources */ = {
			isa = PBXSourcesBuildPhase;
			buildActionMask = 2147483647;
			files = (
				6CC7AA2A234143450083F528 /* TrackProjectUITests.swift in Sources */,
			);
			runOnlyForDeploymentPostprocessing = 0;
		};
/* End PBXSourcesBuildPhase section */

/* Begin PBXTargetDependency section */
		6CC7AA1C234143450083F528 /* PBXTargetDependency */ = {
			isa = PBXTargetDependency;
			target = 6CC7AA03234143440083F528 /* TrackProject */;
			targetProxy = 6CC7AA1B234143450083F528 /* PBXContainerItemProxy */;
		};
		6CC7AA27234143450083F528 /* PBXTargetDependency */ = {
			isa = PBXTargetDependency;
			target = 6CC7AA03234143440083F528 /* TrackProject */;
			targetProxy = 6CC7AA26234143450083F528 /* PBXContainerItemProxy */;
		};
/* End PBXTargetDependency section */

/* Begin PBXVariantGroup section */
		6CC7AA0D234143440083F528 /* Main.storyboard */ = {
			isa = PBXVariantGroup;
			children = (
				6CC7AA0E234143440083F528 /* Base */,
			);
			name = Main.storyboard;
			sourceTree = "<group>";
		};
		6CC7AA12234143450083F528 /* LaunchScreen.storyboard */ = {
			isa = PBXVariantGroup;
			children = (
				6CC7AA13234143450083F528 /* Base */,
			);
			name = LaunchScreen.storyboard;
			sourceTree = "<group>";
		};
/* End PBXVariantGroup section */

/* Begin XCBuildConfiguration section */
		6CC7AA2C234143450083F528 /* Debug */ = {
			isa = XCBuildConfiguration;
			buildSettings = {
				ALWAYS_SEARCH_USER_PATHS = NO;
				CLANG_ANALYZER_NONNULL = YES;
				CLANG_ANALYZER_NUMBER_OBJECT_CONVERSION = YES_AGGRESSIVE;
				CLANG_CXX_LANGUAGE_STANDARD = "gnu++14";
				CLANG_CXX_LIBRARY = "libc++";
				CLANG_ENABLE_MODULES = YES;
				CLANG_ENABLE_OBJC_ARC = YES;
				CLANG_ENABLE_OBJC_WEAK = YES;
				CLANG_WARN_BLOCK_CAPTURE_AUTORELEASING = YES;
				CLANG_WARN_BOOL_CONVERSION = YES;
				CLANG_WARN_COMMA = YES;
				CLANG_WARN_CONSTANT_CONVERSION = YES;
				CLANG_WARN_DEPRECATED_OBJC_IMPLEMENTATIONS = YES;
				CLANG_WARN_DIRECT_OBJC_ISA_USAGE = YES_ERROR;
				CLANG_WARN_DOCUMENTATION_COMMENTS = YES;
				CLANG_WARN_EMPTY_BODY = YES;
				CLANG_WARN_ENUM_CONVERSION = YES;
				CLANG_WARN_INFINITE_RECURSION = YES;
				CLANG_WARN_INT_CONVERSION = YES;
				CLANG_WARN_NON_LITERAL_NULL_CONVERSION = YES;
				CLANG_WARN_OBJC_IMPLICIT_RETAIN_SELF = YES;
				CLANG_WARN_OBJC_LITERAL_CONVERSION = YES;
				CLANG_WARN_OBJC_ROOT_CLASS = YES_ERROR;
				CLANG_WARN_RANGE_LOOP_ANALYSIS = YES;
				CLANG_WARN_STRICT_PROTOTYPES = YES;
				CLANG_WARN_SUSPICIOUS_MOVE = YES;
				CLANG_WARN_UNGUARDED_AVAILABILITY = YES_AGGRESSIVE;
				CLANG_WARN_UNREACHABLE_CODE = YES;
				CLANG_WARN__DUPLICATE_METHOD_MATCH = YES;
				COPY_PHASE_STRIP = NO;
				DEBUG_INFORMATION_FORMAT = dwarf;
				ENABLE_STRICT_OBJC_MSGSEND = YES;
				ENABLE_TESTABILITY = YES;
				GCC_C_LANGUAGE_STANDARD = gnu11;
				GCC_DYNAMIC_NO_PIC = NO;
				GCC_NO_COMMON_BLOCKS = YES;
				GCC_OPTIMIZATION_LEVEL = 0;
				GCC_PREPROCESSOR_DEFINITIONS = (
					"DEBUG=1",
					"$(inherited)",
				);
				GCC_WARN_64_TO_32_BIT_CONVERSION = YES;
				GCC_WARN_ABOUT_RETURN_TYPE = YES_ERROR;
				GCC_WARN_UNDECLARED_SELECTOR = YES;
				GCC_WARN_UNINITIALIZED_AUTOS = YES_AGGRESSIVE;
				GCC_WARN_UNUSED_FUNCTION = YES;
				GCC_WARN_UNUSED_VARIABLE = YES;
				IPHONEOS_DEPLOYMENT_TARGET = 13.0;
				MTL_ENABLE_DEBUG_INFO = INCLUDE_SOURCE;
				MTL_FAST_MATH = YES;
				ONLY_ACTIVE_ARCH = YES;
				SDKROOT = iphoneos;
				SWIFT_ACTIVE_COMPILATION_CONDITIONS = DEBUG;
				SWIFT_OPTIMIZATION_LEVEL = "-Onone";
			};
			name = Debug;
		};
		6CC7AA2D234143450083F528 /* Release */ = {
			isa = XCBuildConfiguration;
			buildSettings = {
				ALWAYS_SEARCH_USER_PATHS = NO;
				CLANG_ANALYZER_NONNULL = YES;
				CLANG_ANALYZER_NUMBER_OBJECT_CONVERSION = YES_AGGRESSIVE;
				CLANG_CXX_LANGUAGE_STANDARD = "gnu++14";
				CLANG_CXX_LIBRARY = "libc++";
				CLANG_ENABLE_MODULES = YES;
				CLANG_ENABLE_OBJC_ARC = YES;
				CLANG_ENABLE_OBJC_WEAK = YES;
				CLANG_WARN_BLOCK_CAPTURE_AUTORELEASING = YES;
				CLANG_WARN_BOOL_CONVERSION = YES;
				CLANG_WARN_COMMA = YES;
				CLANG_WARN_CONSTANT_CONVERSION = YES;
				CLANG_WARN_DEPRECATED_OBJC_IMPLEMENTATIONS = YES;
				CLANG_WARN_DIRECT_OBJC_ISA_USAGE = YES_ERROR;
				CLANG_WARN_DOCUMENTATION_COMMENTS = YES;
				CLANG_WARN_EMPTY_BODY = YES;
				CLANG_WARN_ENUM_CONVERSION = YES;
				CLANG_WARN_INFINITE_RECURSION = YES;
				CLANG_WARN_INT_CONVERSION = YES;
				CLANG_WARN_NON_LITERAL_NULL_CONVERSION = YES;
				CLANG_WARN_OBJC_IMPLICIT_RETAIN_SELF = YES;
				CLANG_WARN_OBJC_LITERAL_CONVERSION = YES;
				CLANG_WARN_OBJC_ROOT_CLASS = YES_ERROR;
				CLANG_WARN_RANGE_LOOP_ANALYSIS = YES;
				CLANG_WARN_STRICT_PROTOTYPES = YES;
				CLANG_WARN_SUSPICIOUS_MOVE = YES;
				CLANG_WARN_UNGUARDED_AVAILABILITY = YES_AGGRESSIVE;
				CLANG_WARN_UNREACHABLE_CODE = YES;
				CLANG_WARN__DUPLICATE_METHOD_MATCH = YES;
				COPY_PHASE_STRIP = NO;
				DEBUG_INFORMATION_FORMAT = "dwarf-with-dsym";
				ENABLE_NS_ASSERTIONS = NO;
				ENABLE_STRICT_OBJC_MSGSEND = YES;
				GCC_C_LANGUAGE_STANDARD = gnu11;
				GCC_NO_COMMON_BLOCKS = YES;
				GCC_WARN_64_TO_32_BIT_CONVERSION = YES;
				GCC_WARN_ABOUT_RETURN_TYPE = YES_ERROR;
				GCC_WARN_UNDECLARED_SELECTOR = YES;
				GCC_WARN_UNINITIALIZED_AUTOS = YES_AGGRESSIVE;
				GCC_WARN_UNUSED_FUNCTION = YES;
				GCC_WARN_UNUSED_VARIABLE = YES;
				IPHONEOS_DEPLOYMENT_TARGET = 13.0;
				MTL_ENABLE_DEBUG_INFO = NO;
				MTL_FAST_MATH = YES;
				SDKROOT = iphoneos;
				SWIFT_COMPILATION_MODE = wholemodule;
				SWIFT_OPTIMIZATION_LEVEL = "-O";
				VALIDATE_PRODUCT = YES;
			};
			name = Release;
		};
		6CC7AA2F234143450083F528 /* Debug */ = {
			isa = XCBuildConfiguration;
			buildSettings = {
				ASSETCATALOG_COMPILER_APPICON_NAME = AppIcon;
				CODE_SIGN_STYLE = Automatic;
				DEVELOPMENT_TEAM = U5EC3ACQ5X;
				INFOPLIST_FILE = TrackProject/Info.plist;
				IPHONEOS_DEPLOYMENT_TARGET = 12.0;
				LD_RUNPATH_SEARCH_PATHS = (
					"$(inherited)",
					"@executable_path/Frameworks",
				);
				PRODUCT_BUNDLE_IDENTIFIER = com.Denis.TrackProject;
				PRODUCT_NAME = "$(TARGET_NAME)";
				SWIFT_VERSION = 5.0;
				TARGETED_DEVICE_FAMILY = "1,2";
			};
			name = Debug;
		};
		6CC7AA30234143450083F528 /* Release */ = {
			isa = XCBuildConfiguration;
			buildSettings = {
				ASSETCATALOG_COMPILER_APPICON_NAME = AppIcon;
				CODE_SIGN_STYLE = Automatic;
				DEVELOPMENT_TEAM = U5EC3ACQ5X;
				INFOPLIST_FILE = TrackProject/Info.plist;
				IPHONEOS_DEPLOYMENT_TARGET = 12.0;
				LD_RUNPATH_SEARCH_PATHS = (
					"$(inherited)",
					"@executable_path/Frameworks",
				);
				PRODUCT_BUNDLE_IDENTIFIER = com.Denis.TrackProject;
				PRODUCT_NAME = "$(TARGET_NAME)";
				SWIFT_VERSION = 5.0;
				TARGETED_DEVICE_FAMILY = "1,2";
			};
			name = Release;
		};
		6CC7AA32234143450083F528 /* Debug */ = {
			isa = XCBuildConfiguration;
			buildSettings = {
				ALWAYS_EMBED_SWIFT_STANDARD_LIBRARIES = YES;
				BUNDLE_LOADER = "$(TEST_HOST)";
				CODE_SIGN_STYLE = Automatic;
				DEVELOPMENT_TEAM = U5EC3ACQ5X;
				INFOPLIST_FILE = TrackProjectTests/Info.plist;
				IPHONEOS_DEPLOYMENT_TARGET = 13.0;
				LD_RUNPATH_SEARCH_PATHS = (
					"$(inherited)",
					"@executable_path/Frameworks",
					"@loader_path/Frameworks",
				);
				PRODUCT_BUNDLE_IDENTIFIER = com.Denis.TrackProjectTests;
				PRODUCT_NAME = "$(TARGET_NAME)";
				SWIFT_VERSION = 5.0;
				TARGETED_DEVICE_FAMILY = "1,2";
				TEST_HOST = "$(BUILT_PRODUCTS_DIR)/TrackProject.app/TrackProject";
			};
			name = Debug;
		};
		6CC7AA33234143450083F528 /* Release */ = {
			isa = XCBuildConfiguration;
			buildSettings = {
				ALWAYS_EMBED_SWIFT_STANDARD_LIBRARIES = YES;
				BUNDLE_LOADER = "$(TEST_HOST)";
				CODE_SIGN_STYLE = Automatic;
				DEVELOPMENT_TEAM = U5EC3ACQ5X;
				INFOPLIST_FILE = TrackProjectTests/Info.plist;
				IPHONEOS_DEPLOYMENT_TARGET = 13.0;
				LD_RUNPATH_SEARCH_PATHS = (
					"$(inherited)",
					"@executable_path/Frameworks",
					"@loader_path/Frameworks",
				);
				PRODUCT_BUNDLE_IDENTIFIER = com.Denis.TrackProjectTests;
				PRODUCT_NAME = "$(TARGET_NAME)";
				SWIFT_VERSION = 5.0;
				TARGETED_DEVICE_FAMILY = "1,2";
				TEST_HOST = "$(BUILT_PRODUCTS_DIR)/TrackProject.app/TrackProject";
			};
			name = Release;
		};
		6CC7AA35234143450083F528 /* Debug */ = {
			isa = XCBuildConfiguration;
			buildSettings = {
				ALWAYS_EMBED_SWIFT_STANDARD_LIBRARIES = YES;
				CODE_SIGN_STYLE = Automatic;
				DEVELOPMENT_TEAM = U5EC3ACQ5X;
				INFOPLIST_FILE = TrackProjectUITests/Info.plist;
				LD_RUNPATH_SEARCH_PATHS = (
					"$(inherited)",
					"@executable_path/Frameworks",
					"@loader_path/Frameworks",
				);
				PRODUCT_BUNDLE_IDENTIFIER = com.Denis.TrackProjectUITests;
				PRODUCT_NAME = "$(TARGET_NAME)";
				SWIFT_VERSION = 5.0;
				TARGETED_DEVICE_FAMILY = "1,2";
				TEST_TARGET_NAME = TrackProject;
			};
			name = Debug;
		};
		6CC7AA36234143450083F528 /* Release */ = {
			isa = XCBuildConfiguration;
			buildSettings = {
				ALWAYS_EMBED_SWIFT_STANDARD_LIBRARIES = YES;
				CODE_SIGN_STYLE = Automatic;
				DEVELOPMENT_TEAM = U5EC3ACQ5X;
				INFOPLIST_FILE = TrackProjectUITests/Info.plist;
				LD_RUNPATH_SEARCH_PATHS = (
					"$(inherited)",
					"@executable_path/Frameworks",
					"@loader_path/Frameworks",
				);
				PRODUCT_BUNDLE_IDENTIFIER = com.Denis.TrackProjectUITests;
				PRODUCT_NAME = "$(TARGET_NAME)";
				SWIFT_VERSION = 5.0;
				TARGETED_DEVICE_FAMILY = "1,2";
				TEST_TARGET_NAME = TrackProject;
			};
			name = Release;
		};
/* End XCBuildConfiguration section */

/* Begin XCConfigurationList section */
		6CC7A9FF234143440083F528 /* Build configuration list for PBXProject "TrackProject" */ = {
			isa = XCConfigurationList;
			buildConfigurations = (
				6CC7AA2C234143450083F528 /* Debug */,
				6CC7AA2D234143450083F528 /* Release */,
			);
			defaultConfigurationIsVisible = 0;
			defaultConfigurationName = Release;
		};
		6CC7AA2E234143450083F528 /* Build configuration list for PBXNativeTarget "TrackProject" */ = {
			isa = XCConfigurationList;
			buildConfigurations = (
				6CC7AA2F234143450083F528 /* Debug */,
				6CC7AA30234143450083F528 /* Release */,
			);
			defaultConfigurationIsVisible = 0;
			defaultConfigurationName = Release;
		};
		6CC7AA31234143450083F528 /* Build configuration list for PBXNativeTarget "TrackProjectTests" */ = {
			isa = XCConfigurationList;
			buildConfigurations = (
				6CC7AA32234143450083F528 /* Debug */,
				6CC7AA33234143450083F528 /* Release */,
			);
			defaultConfigurationIsVisible = 0;
			defaultConfigurationName = Release;
		};
		6CC7AA34234143450083F528 /* Build configuration list for PBXNativeTarget "TrackProjectUITests" */ = {
			isa = XCConfigurationList;
			buildConfigurations = (
				6CC7AA35234143450083F528 /* Debug */,
				6CC7AA36234143450083F528 /* Release */,
			);
			defaultConfigurationIsVisible = 0;
			defaultConfigurationName = Release;
		};
/* End XCConfigurationList section */
	};
	rootObject = 6CC7A9FC234143440083F528 /* Project object */;
}
